// !$*UTF8*$!
{
	archiveVersion = 1;
	classes = {
	};
	objectVersion = 46;
	objects = {

/* Begin PBXBuildFile section */
		DE083B051BC70FB8000A35A7 /* History.swift in Sources */ = {isa = PBXBuildFile; fileRef = DE083B041BC70FB8000A35A7 /* History.swift */; };
		DE083B601BCAA413000A35A7 /* CameraController.swift in Sources */ = {isa = PBXBuildFile; fileRef = DE083B5F1BCAA413000A35A7 /* CameraController.swift */; };
		DE1181A51BC0F806002794AE /* NowHereController.swift in Sources */ = {isa = PBXBuildFile; fileRef = DE1181A31BC0F806002794AE /* NowHereController.swift */; };
		DE1181A71BC0F8EE002794AE /* VisitHistoryController.swift in Sources */ = {isa = PBXBuildFile; fileRef = DE1181A41BC0F806002794AE /* VisitHistoryController.swift */; };
		DE1181AA1BC0FA0D002794AE /* coedo.jpg in Resources */ = {isa = PBXBuildFile; fileRef = DE1181A91BC0FA0D002794AE /* coedo.jpg */; };
		DE1181AB1BC1133C002794AE /* NowHereCell.swift in Sources */ = {isa = PBXBuildFile; fileRef = DEE796B91BB7026B005128DF /* NowHereCell.swift */; };
		DE1181AD1BC11CC6002794AE /* DetailController.swift in Sources */ = {isa = PBXBuildFile; fileRef = DE1181AC1BC11CC6002794AE /* DetailController.swift */; };
		DE1181AF1BC11CE4002794AE /* PersonController.swift in Sources */ = {isa = PBXBuildFile; fileRef = DE1181AE1BC11CE4002794AE /* PersonController.swift */; };
		DE3F81501BEF0891009EEFE7 /* DetailTableDefinition.swift in Sources */ = {isa = PBXBuildFile; fileRef = DE3F814F1BEF0891009EEFE7 /* DetailTableDefinition.swift */; };
		DE3F81541BEF0CE6009EEFE7 /* Profile.swift in Sources */ = {isa = PBXBuildFile; fileRef = DE3F81531BEF0CE6009EEFE7 /* Profile.swift */; };
		DE3F81561BEF0E3F009EEFE7 /* MessageText.swift in Sources */ = {isa = PBXBuildFile; fileRef = DE3F81551BEF0E3F009EEFE7 /* MessageText.swift */; };
		DE3F81621BEF3AED009EEFE7 /* UserThumbController.swift in Sources */ = {isa = PBXBuildFile; fileRef = DE3F81611BEF3AEC009EEFE7 /* UserThumbController.swift */; };
		DE3F81651BEF3CC2009EEFE7 /* IntroductionImageCell.swift in Sources */ = {isa = PBXBuildFile; fileRef = DE3F81631BEF3CC2009EEFE7 /* IntroductionImageCell.swift */; };
		DE3F81661BEF3CC2009EEFE7 /* IntroductionImageCell.xib in Resources */ = {isa = PBXBuildFile; fileRef = DE3F81641BEF3CC2009EEFE7 /* IntroductionImageCell.xib */; };
		DE3F81691BEF3D3E009EEFE7 /* IntroductionTextCell.swift in Sources */ = {isa = PBXBuildFile; fileRef = DE3F81671BEF3D3E009EEFE7 /* IntroductionTextCell.swift */; };
		DE3F816A1BEF3D3E009EEFE7 /* IntroductionTextCell.xib in Resources */ = {isa = PBXBuildFile; fileRef = DE3F81681BEF3D3E009EEFE7 /* IntroductionTextCell.xib */; };
		DE3F81711BEF3EE9009EEFE7 /* DetailButtonCell.swift in Sources */ = {isa = PBXBuildFile; fileRef = DE3F816F1BEF3EE9009EEFE7 /* DetailButtonCell.swift */; };
		DE3F81721BEF3EE9009EEFE7 /* DetailButtonCell.xib in Resources */ = {isa = PBXBuildFile; fileRef = DE3F81701BEF3EE9009EEFE7 /* DetailButtonCell.xib */; };
		DE3F81791BEF3FD3009EEFE7 /* FacebookCell.swift in Sources */ = {isa = PBXBuildFile; fileRef = DE3F81771BEF3FD3009EEFE7 /* FacebookCell.swift */; };
		DE3F817A1BEF3FD3009EEFE7 /* FacebookCell.xib in Resources */ = {isa = PBXBuildFile; fileRef = DE3F81781BEF3FD3009EEFE7 /* FacebookCell.xib */; };
		DE3F818D1BEF417B009EEFE7 /* EventAndStudyCell.swift in Sources */ = {isa = PBXBuildFile; fileRef = DE3F818B1BEF417B009EEFE7 /* EventAndStudyCell.swift */; };
		DE3F818E1BEF417B009EEFE7 /* EventAndStudyCell.xib in Resources */ = {isa = PBXBuildFile; fileRef = DE3F818C1BEF417B009EEFE7 /* EventAndStudyCell.xib */; };
		DE488BA41C0004EF007F96B2 /* DetailRelateTableDefinition.swift in Sources */ = {isa = PBXBuildFile; fileRef = DE488BA31C0004EF007F96B2 /* DetailRelateTableDefinition.swift */; };
		DE488BA91C001FE1007F96B2 /* IntroductionDetailCell.swift in Sources */ = {isa = PBXBuildFile; fileRef = DE488BA71C001FE1007F96B2 /* IntroductionDetailCell.swift */; };
		DE488BAA1C001FE1007F96B2 /* IntroductionDetailCell.xib in Resources */ = {isa = PBXBuildFile; fileRef = DE488BA81C001FE1007F96B2 /* IntroductionDetailCell.xib */; };
		DE6C79321BBC211100F1A6E9 /* Validation.swift in Sources */ = {isa = PBXBuildFile; fileRef = DE6C79311BBC211100F1A6E9 /* Validation.swift */; };
		DE6C79341BBC519400F1A6E9 /* ColorStatus.swift in Sources */ = {isa = PBXBuildFile; fileRef = DE6C79331BBC519400F1A6E9 /* ColorStatus.swift */; };
		DE6C79361BBC536C00F1A6E9 /* TitleText.swift in Sources */ = {isa = PBXBuildFile; fileRef = DE6C79351BBC536C00F1A6E9 /* TitleText.swift */; };
		DE6F333F1BE5916600FF4043 /* ParseUI.framework in Frameworks */ = {isa = PBXBuildFile; fileRef = DE6F333E1BE5916500FF4043 /* ParseUI.framework */; };
		DE779AFA1C08D56B00E4978B /* MapPopupUnitController.swift in Sources */ = {isa = PBXBuildFile; fileRef = DE779AF81C08D56A00E4978B /* MapPopupUnitController.swift */; };
		DE779B011C08D89300E4978B /* PhotoPopupUnitController.swift in Sources */ = {isa = PBXBuildFile; fileRef = DE779AFF1C08D89300E4978B /* PhotoPopupUnitController.swift */; };
		DE779B051C0975C900E4978B /* MapKit.framework in Frameworks */ = {isa = PBXBuildFile; fileRef = DE779B041C0975C800E4978B /* MapKit.framework */; };
		DEBA35F61C0A4088002D3C62 /* NowDetailTableCellDefintion.swift in Sources */ = {isa = PBXBuildFile; fileRef = DEBA35F51C0A4088002D3C62 /* NowDetailTableCellDefintion.swift */; };
		DEE796011BB4232F005128DF /* AppDelegate.swift in Sources */ = {isa = PBXBuildFile; fileRef = DEE796001BB4232F005128DF /* AppDelegate.swift */; };
		DEE796031BB4232F005128DF /* ViewController.swift in Sources */ = {isa = PBXBuildFile; fileRef = DEE796021BB4232F005128DF /* ViewController.swift */; };
		DEE796061BB4232F005128DF /* Main.storyboard in Resources */ = {isa = PBXBuildFile; fileRef = DEE796041BB4232F005128DF /* Main.storyboard */; };
		DEE796081BB4232F005128DF /* Assets.xcassets in Resources */ = {isa = PBXBuildFile; fileRef = DEE796071BB4232F005128DF /* Assets.xcassets */; };
		DEE7960B1BB4232F005128DF /* LaunchScreen.storyboard in Resources */ = {isa = PBXBuildFile; fileRef = DEE796091BB4232F005128DF /* LaunchScreen.storyboard */; };
		DEE796161BB4232F005128DF /* goCoworkingSpaceReportTests.swift in Sources */ = {isa = PBXBuildFile; fileRef = DEE796151BB4232F005128DF /* goCoworkingSpaceReportTests.swift */; };
		DEE796211BB4232F005128DF /* goCoworkingSpaceReportUITests.swift in Sources */ = {isa = PBXBuildFile; fileRef = DEE796201BB4232F005128DF /* goCoworkingSpaceReportUITests.swift */; };
		DEE796301BB45404005128DF /* ListStatus.swift in Sources */ = {isa = PBXBuildFile; fileRef = DEE7962F1BB45404005128DF /* ListStatus.swift */; };
		DEE796331BB456D9005128DF /* AnotherWindow.swift in Sources */ = {isa = PBXBuildFile; fileRef = DEE796321BB456D9005128DF /* AnotherWindow.swift */; };
		DEE796351BB4575A005128DF /* DeviceSize.swift in Sources */ = {isa = PBXBuildFile; fileRef = DEE796341BB4575A005128DF /* DeviceSize.swift */; };
		DEE796371BB4578D005128DF /* ColorDefinition.swift in Sources */ = {isa = PBXBuildFile; fileRef = DEE796361BB4578D005128DF /* ColorDefinition.swift */; };
		DEE796391BB45F77005128DF /* ListController.swift in Sources */ = {isa = PBXBuildFile; fileRef = DEE796381BB45F77005128DF /* ListController.swift */; };
		DEE7963C1BB4608B005128DF /* Bolts.framework in Frameworks */ = {isa = PBXBuildFile; fileRef = DEE7963A1BB4608B005128DF /* Bolts.framework */; };
		DEE7963D1BB4608B005128DF /* Parse.framework in Frameworks */ = {isa = PBXBuildFile; fileRef = DEE7963B1BB4608B005128DF /* Parse.framework */; };
		DEE796401BB46107005128DF /* Accounts.framework in Frameworks */ = {isa = PBXBuildFile; fileRef = DEE7963F1BB46107005128DF /* Accounts.framework */; };
		DEE796421BB46114005128DF /* Social.framework in Frameworks */ = {isa = PBXBuildFile; fileRef = DEE796411BB46114005128DF /* Social.framework */; };
		DEE796441BB46130005128DF /* libsqlite3.tbd in Frameworks */ = {isa = PBXBuildFile; fileRef = DEE796431BB46130005128DF /* libsqlite3.tbd */; };
		DEE796461BB46138005128DF /* libz.tbd in Frameworks */ = {isa = PBXBuildFile; fileRef = DEE796451BB46138005128DF /* libz.tbd */; };
		DEE796481BB46149005128DF /* SystemConfiguration.framework in Frameworks */ = {isa = PBXBuildFile; fileRef = DEE796471BB46149005128DF /* SystemConfiguration.framework */; };
		DEE7964A1BB4615A005128DF /* StoreKit.framework in Frameworks */ = {isa = PBXBuildFile; fileRef = DEE796491BB4615A005128DF /* StoreKit.framework */; };
		DEE7964C1BB4616E005128DF /* Security.framework in Frameworks */ = {isa = PBXBuildFile; fileRef = DEE7964B1BB4616E005128DF /* Security.framework */; };
		DEE7964E1BB4617E005128DF /* QuartzCore.framework in Frameworks */ = {isa = PBXBuildFile; fileRef = DEE7964D1BB4617E005128DF /* QuartzCore.framework */; };
		DEE796501BB4618F005128DF /* CoreLocation.framework in Frameworks */ = {isa = PBXBuildFile; fileRef = DEE7964F1BB4618F005128DF /* CoreLocation.framework */; };
		DEE796521BB4619D005128DF /* CoreGraphics.framework in Frameworks */ = {isa = PBXBuildFile; fileRef = DEE796511BB4619D005128DF /* CoreGraphics.framework */; };
		DEE796541BB461B1005128DF /* CFNetwork.framework in Frameworks */ = {isa = PBXBuildFile; fileRef = DEE796531BB461B1005128DF /* CFNetwork.framework */; };
		DEE796561BB461C3005128DF /* AudioToolbox.framework in Frameworks */ = {isa = PBXBuildFile; fileRef = DEE796551BB461C3005128DF /* AudioToolbox.framework */; };
		DEE7965F1BB65274005128DF /* Realm.framework in Frameworks */ = {isa = PBXBuildFile; fileRef = DEE7965D1BB65274005128DF /* Realm.framework */; };
		DEE796601BB65274005128DF /* RealmSwift.framework in Frameworks */ = {isa = PBXBuildFile; fileRef = DEE7965E1BB65274005128DF /* RealmSwift.framework */; };
		DEE796611BB65292005128DF /* Realm.framework in Frameworks */ = {isa = PBXBuildFile; fileRef = DEE7965D1BB65274005128DF /* Realm.framework */; };
		DEE796621BB65292005128DF /* Realm.framework in Embed Frameworks */ = {isa = PBXBuildFile; fileRef = DEE7965D1BB65274005128DF /* Realm.framework */; settings = {ATTRIBUTES = (CodeSignOnCopy, RemoveHeadersOnCopy, ); }; };
		DEE796631BB65292005128DF /* RealmSwift.framework in Frameworks */ = {isa = PBXBuildFile; fileRef = DEE7965E1BB65274005128DF /* RealmSwift.framework */; };
		DEE796641BB65292005128DF /* RealmSwift.framework in Embed Frameworks */ = {isa = PBXBuildFile; fileRef = DEE7965E1BB65274005128DF /* RealmSwift.framework */; settings = {ATTRIBUTES = (CodeSignOnCopy, RemoveHeadersOnCopy, ); }; };
		DEE7966C1BB6CEFA005128DF /* Interface.storyboard in Resources */ = {isa = PBXBuildFile; fileRef = DEE7966A1BB6CEFA005128DF /* Interface.storyboard */; };
		DEE7966E1BB6CEFA005128DF /* Assets.xcassets in Resources */ = {isa = PBXBuildFile; fileRef = DEE7966D1BB6CEFA005128DF /* Assets.xcassets */; };
		DEE796751BB6CEFA005128DF /* goCoworkingSpaceReportWatch Extension.appex in Embed App Extensions */ = {isa = PBXBuildFile; fileRef = DEE796741BB6CEFA005128DF /* goCoworkingSpaceReportWatch Extension.appex */; settings = {ATTRIBUTES = (RemoveHeadersOnCopy, ); }; };
		DEE7967C1BB6CEFA005128DF /* InterfaceController.swift in Sources */ = {isa = PBXBuildFile; fileRef = DEE7967B1BB6CEFA005128DF /* InterfaceController.swift */; };
		DEE7967E1BB6CEFA005128DF /* ExtensionDelegate.swift in Sources */ = {isa = PBXBuildFile; fileRef = DEE7967D1BB6CEFA005128DF /* ExtensionDelegate.swift */; };
		DEE796821BB6CEFA005128DF /* GlanceController.swift in Sources */ = {isa = PBXBuildFile; fileRef = DEE796811BB6CEFA005128DF /* GlanceController.swift */; };
		DEE796841BB6CEFA005128DF /* Assets.xcassets in Resources */ = {isa = PBXBuildFile; fileRef = DEE796831BB6CEFA005128DF /* Assets.xcassets */; };
		DEE796881BB6CEFA005128DF /* goCoworkingSpaceReportWatch.app in Embed Watch Content */ = {isa = PBXBuildFile; fileRef = DEE796681BB6CEFA005128DF /* goCoworkingSpaceReportWatch.app */; };
		DEE796921BB6EFAD005128DF /* ProfileController.swift in Sources */ = {isa = PBXBuildFile; fileRef = DEE796911BB6EFAD005128DF /* ProfileController.swift */; };
		DEE796941BB6F943005128DF /* NowOpenController.swift in Sources */ = {isa = PBXBuildFile; fileRef = DEE796931BB6F943005128DF /* NowOpenController.swift */; };
		DEE7969B1BB6FCDA005128DF /* BannerController.swift in Sources */ = {isa = PBXBuildFile; fileRef = DEE7969A1BB6FCDA005128DF /* BannerController.swift */; };
		DEE7969E1BB6FDC6005128DF /* ProfileEditController.swift in Sources */ = {isa = PBXBuildFile; fileRef = DEE7969D1BB6FDC6005128DF /* ProfileEditController.swift */; };
		DEE796A01BB6FE1F005128DF /* NowOpenDetailController.swift in Sources */ = {isa = PBXBuildFile; fileRef = DEE7969F1BB6FE1F005128DF /* NowOpenDetailController.swift */; };
		DEE796A71BB70176005128DF /* ProfileNotTapCell.swift in Sources */ = {isa = PBXBuildFile; fileRef = DEE796A51BB70176005128DF /* ProfileNotTapCell.swift */; };
		DEE796A81BB70176005128DF /* ProfileNotTapCell.xib in Resources */ = {isa = PBXBuildFile; fileRef = DEE796A61BB70176005128DF /* ProfileNotTapCell.xib */; };
		DEE796AB1BB70198005128DF /* ProfileTapCell.swift in Sources */ = {isa = PBXBuildFile; fileRef = DEE796A91BB70198005128DF /* ProfileTapCell.swift */; };
		DEE796AC1BB70198005128DF /* ProfileTapCell.xib in Resources */ = {isa = PBXBuildFile; fileRef = DEE796AA1BB70198005128DF /* ProfileTapCell.xib */; };
		DEE796AF1BB701C5005128DF /* HistoryCell.swift in Sources */ = {isa = PBXBuildFile; fileRef = DEE796AD1BB701C5005128DF /* HistoryCell.swift */; };
		DEE796B01BB701C5005128DF /* HistoryCell.xib in Resources */ = {isa = PBXBuildFile; fileRef = DEE796AE1BB701C5005128DF /* HistoryCell.xib */; };
		DEE796B31BB70228005128DF /* HistoryTappedCell.swift in Sources */ = {isa = PBXBuildFile; fileRef = DEE796B11BB70228005128DF /* HistoryTappedCell.swift */; };
		DEE796B41BB70228005128DF /* HistoryTappedCell.xib in Resources */ = {isa = PBXBuildFile; fileRef = DEE796B21BB70228005128DF /* HistoryTappedCell.xib */; };
		DEE796B71BB7024B005128DF /* NowOpenCell.swift in Sources */ = {isa = PBXBuildFile; fileRef = DEE796B51BB7024B005128DF /* NowOpenCell.swift */; };
		DEE796B81BB7024B005128DF /* NowOpenCell.xib in Resources */ = {isa = PBXBuildFile; fileRef = DEE796B61BB7024B005128DF /* NowOpenCell.xib */; };
		DEE796BC1BB7026B005128DF /* NowHereCell.xib in Resources */ = {isa = PBXBuildFile; fileRef = DEE796BA1BB7026B005128DF /* NowHereCell.xib */; };
		DEF170241BF72C2800F6E2EB /* BlankCell.swift in Sources */ = {isa = PBXBuildFile; fileRef = DEF170221BF72C2800F6E2EB /* BlankCell.swift */; };
		DEF170251BF72C2800F6E2EB /* BlankCell.xib in Resources */ = {isa = PBXBuildFile; fileRef = DEF170231BF72C2800F6E2EB /* BlankCell.xib */; };
		DEFD84631BE91EF600DB169A /* HelpController.swift in Sources */ = {isa = PBXBuildFile; fileRef = DEFD84621BE91EF600DB169A /* HelpController.swift */; };
/* End PBXBuildFile section */

/* Begin PBXContainerItemProxy section */
		DEE796121BB4232F005128DF /* PBXContainerItemProxy */ = {
			isa = PBXContainerItemProxy;
			containerPortal = DEE795F51BB4232F005128DF /* Project object */;
			proxyType = 1;
			remoteGlobalIDString = DEE795FC1BB4232F005128DF;
			remoteInfo = goCoworkingSpaceReport;
		};
		DEE7961D1BB4232F005128DF /* PBXContainerItemProxy */ = {
			isa = PBXContainerItemProxy;
			containerPortal = DEE795F51BB4232F005128DF /* Project object */;
			proxyType = 1;
			remoteGlobalIDString = DEE795FC1BB4232F005128DF;
			remoteInfo = goCoworkingSpaceReport;
		};
		DEE796761BB6CEFA005128DF /* PBXContainerItemProxy */ = {
			isa = PBXContainerItemProxy;
			containerPortal = DEE795F51BB4232F005128DF /* Project object */;
			proxyType = 1;
			remoteGlobalIDString = DEE796731BB6CEFA005128DF;
			remoteInfo = "goCoworkingSpaceReportWatch Extension";
		};
		DEE796861BB6CEFA005128DF /* PBXContainerItemProxy */ = {
			isa = PBXContainerItemProxy;
			containerPortal = DEE795F51BB4232F005128DF /* Project object */;
			proxyType = 1;
			remoteGlobalIDString = DEE796671BB6CEFA005128DF;
			remoteInfo = goCoworkingSpaceReportWatch;
		};
/* End PBXContainerItemProxy section */

/* Begin PBXCopyFilesBuildPhase section */
		DEE796651BB65293005128DF /* Embed Frameworks */ = {
			isa = PBXCopyFilesBuildPhase;
			buildActionMask = 2147483647;
			dstPath = "";
			dstSubfolderSpec = 10;
			files = (
				DEE796641BB65292005128DF /* RealmSwift.framework in Embed Frameworks */,
				DEE796621BB65292005128DF /* Realm.framework in Embed Frameworks */,
			);
			name = "Embed Frameworks";
			runOnlyForDeploymentPostprocessing = 0;
		};
		DEE7968C1BB6CEFA005128DF /* Embed App Extensions */ = {
			isa = PBXCopyFilesBuildPhase;
			buildActionMask = 2147483647;
			dstPath = "";
			dstSubfolderSpec = 13;
			files = (
				DEE796751BB6CEFA005128DF /* goCoworkingSpaceReportWatch Extension.appex in Embed App Extensions */,
			);
			name = "Embed App Extensions";
			runOnlyForDeploymentPostprocessing = 0;
		};
		DEE796901BB6CEFA005128DF /* Embed Watch Content */ = {
			isa = PBXCopyFilesBuildPhase;
			buildActionMask = 2147483647;
			dstPath = "$(CONTENTS_FOLDER_PATH)/Watch";
			dstSubfolderSpec = 16;
			files = (
				DEE796881BB6CEFA005128DF /* goCoworkingSpaceReportWatch.app in Embed Watch Content */,
			);
			name = "Embed Watch Content";
			runOnlyForDeploymentPostprocessing = 0;
		};
/* End PBXCopyFilesBuildPhase section */

/* Begin PBXFileReference section */
		DE083B041BC70FB8000A35A7 /* History.swift */ = {isa = PBXFileReference; fileEncoding = 4; lastKnownFileType = sourcecode.swift; path = History.swift; sourceTree = "<group>"; };
		DE083B5F1BCAA413000A35A7 /* CameraController.swift */ = {isa = PBXFileReference; fileEncoding = 4; lastKnownFileType = sourcecode.swift; path = CameraController.swift; sourceTree = "<group>"; };
		DE1181A31BC0F806002794AE /* NowHereController.swift */ = {isa = PBXFileReference; fileEncoding = 4; lastKnownFileType = sourcecode.swift; path = NowHereController.swift; sourceTree = "<group>"; };
		DE1181A41BC0F806002794AE /* VisitHistoryController.swift */ = {isa = PBXFileReference; fileEncoding = 4; lastKnownFileType = sourcecode.swift; path = VisitHistoryController.swift; sourceTree = "<group>"; };
		DE1181A91BC0FA0D002794AE /* coedo.jpg */ = {isa = PBXFileReference; lastKnownFileType = image.jpeg; path = coedo.jpg; sourceTree = "<group>"; };
		DE1181AC1BC11CC6002794AE /* DetailController.swift */ = {isa = PBXFileReference; fileEncoding = 4; lastKnownFileType = sourcecode.swift; path = DetailController.swift; sourceTree = "<group>"; };
		DE1181AE1BC11CE4002794AE /* PersonController.swift */ = {isa = PBXFileReference; fileEncoding = 4; lastKnownFileType = sourcecode.swift; path = PersonController.swift; sourceTree = "<group>"; };
		DE3F814F1BEF0891009EEFE7 /* DetailTableDefinition.swift */ = {isa = PBXFileReference; fileEncoding = 4; lastKnownFileType = sourcecode.swift; path = DetailTableDefinition.swift; sourceTree = "<group>"; };
		DE3F81531BEF0CE6009EEFE7 /* Profile.swift */ = {isa = PBXFileReference; fileEncoding = 4; lastKnownFileType = sourcecode.swift; path = Profile.swift; sourceTree = "<group>"; };
		DE3F81551BEF0E3F009EEFE7 /* MessageText.swift */ = {isa = PBXFileReference; fileEncoding = 4; lastKnownFileType = sourcecode.swift; path = MessageText.swift; sourceTree = "<group>"; };
		DE3F81611BEF3AEC009EEFE7 /* UserThumbController.swift */ = {isa = PBXFileReference; fileEncoding = 4; lastKnownFileType = sourcecode.swift; path = UserThumbController.swift; sourceTree = "<group>"; };
		DE3F81631BEF3CC2009EEFE7 /* IntroductionImageCell.swift */ = {isa = PBXFileReference; fileEncoding = 4; lastKnownFileType = sourcecode.swift; path = IntroductionImageCell.swift; sourceTree = "<group>"; };
		DE3F81641BEF3CC2009EEFE7 /* IntroductionImageCell.xib */ = {isa = PBXFileReference; fileEncoding = 4; lastKnownFileType = file.xib; path = IntroductionImageCell.xib; sourceTree = "<group>"; };
		DE3F81671BEF3D3E009EEFE7 /* IntroductionTextCell.swift */ = {isa = PBXFileReference; fileEncoding = 4; lastKnownFileType = sourcecode.swift; path = IntroductionTextCell.swift; sourceTree = "<group>"; };
		DE3F81681BEF3D3E009EEFE7 /* IntroductionTextCell.xib */ = {isa = PBXFileReference; fileEncoding = 4; lastKnownFileType = file.xib; path = IntroductionTextCell.xib; sourceTree = "<group>"; };
		DE3F816F1BEF3EE9009EEFE7 /* DetailButtonCell.swift */ = {isa = PBXFileReference; fileEncoding = 4; lastKnownFileType = sourcecode.swift; path = DetailButtonCell.swift; sourceTree = "<group>"; };
		DE3F81701BEF3EE9009EEFE7 /* DetailButtonCell.xib */ = {isa = PBXFileReference; fileEncoding = 4; lastKnownFileType = file.xib; path = DetailButtonCell.xib; sourceTree = "<group>"; };
		DE3F81771BEF3FD3009EEFE7 /* FacebookCell.swift */ = {isa = PBXFileReference; fileEncoding = 4; lastKnownFileType = sourcecode.swift; path = FacebookCell.swift; sourceTree = "<group>"; };
		DE3F81781BEF3FD3009EEFE7 /* FacebookCell.xib */ = {isa = PBXFileReference; fileEncoding = 4; lastKnownFileType = file.xib; path = FacebookCell.xib; sourceTree = "<group>"; };
		DE3F818B1BEF417B009EEFE7 /* EventAndStudyCell.swift */ = {isa = PBXFileReference; fileEncoding = 4; lastKnownFileType = sourcecode.swift; path = EventAndStudyCell.swift; sourceTree = "<group>"; };
		DE3F818C1BEF417B009EEFE7 /* EventAndStudyCell.xib */ = {isa = PBXFileReference; fileEncoding = 4; lastKnownFileType = file.xib; path = EventAndStudyCell.xib; sourceTree = "<group>"; };
		DE488BA31C0004EF007F96B2 /* DetailRelateTableDefinition.swift */ = {isa = PBXFileReference; fileEncoding = 4; lastKnownFileType = sourcecode.swift; path = DetailRelateTableDefinition.swift; sourceTree = "<group>"; };
		DE488BA71C001FE1007F96B2 /* IntroductionDetailCell.swift */ = {isa = PBXFileReference; fileEncoding = 4; lastKnownFileType = sourcecode.swift; path = IntroductionDetailCell.swift; sourceTree = "<group>"; };
		DE488BA81C001FE1007F96B2 /* IntroductionDetailCell.xib */ = {isa = PBXFileReference; fileEncoding = 4; lastKnownFileType = file.xib; path = IntroductionDetailCell.xib; sourceTree = "<group>"; };
		DE6C79311BBC211100F1A6E9 /* Validation.swift */ = {isa = PBXFileReference; fileEncoding = 4; lastKnownFileType = sourcecode.swift; path = Validation.swift; sourceTree = "<group>"; };
		DE6C79331BBC519400F1A6E9 /* ColorStatus.swift */ = {isa = PBXFileReference; fileEncoding = 4; lastKnownFileType = sourcecode.swift; path = ColorStatus.swift; sourceTree = "<group>"; };
		DE6C79351BBC536C00F1A6E9 /* TitleText.swift */ = {isa = PBXFileReference; fileEncoding = 4; lastKnownFileType = sourcecode.swift; path = TitleText.swift; sourceTree = "<group>"; };
		DE6F333E1BE5916500FF4043 /* ParseUI.framework */ = {isa = PBXFileReference; lastKnownFileType = wrapper.framework; path = ParseUI.framework; sourceTree = "<group>"; };
		DE779AF81C08D56A00E4978B /* MapPopupUnitController.swift */ = {isa = PBXFileReference; fileEncoding = 4; lastKnownFileType = sourcecode.swift; path = MapPopupUnitController.swift; sourceTree = "<group>"; };
		DE779AFF1C08D89300E4978B /* PhotoPopupUnitController.swift */ = {isa = PBXFileReference; fileEncoding = 4; lastKnownFileType = sourcecode.swift; path = PhotoPopupUnitController.swift; sourceTree = "<group>"; };
		DE779B041C0975C800E4978B /* MapKit.framework */ = {isa = PBXFileReference; lastKnownFileType = wrapper.framework; name = MapKit.framework; path = System/Library/Frameworks/MapKit.framework; sourceTree = SDKROOT; };
		DEBA35F51C0A4088002D3C62 /* NowDetailTableCellDefintion.swift */ = {isa = PBXFileReference; fileEncoding = 4; lastKnownFileType = sourcecode.swift; path = NowDetailTableCellDefintion.swift; sourceTree = "<group>"; };
		DEE795FD1BB4232F005128DF /* goCoworkingSpaceReport.app */ = {isa = PBXFileReference; explicitFileType = wrapper.application; includeInIndex = 0; path = goCoworkingSpaceReport.app; sourceTree = BUILT_PRODUCTS_DIR; };
		DEE796001BB4232F005128DF /* AppDelegate.swift */ = {isa = PBXFileReference; lastKnownFileType = sourcecode.swift; path = AppDelegate.swift; sourceTree = "<group>"; };
		DEE796021BB4232F005128DF /* ViewController.swift */ = {isa = PBXFileReference; lastKnownFileType = sourcecode.swift; path = ViewController.swift; sourceTree = "<group>"; };
		DEE796051BB4232F005128DF /* Base */ = {isa = PBXFileReference; lastKnownFileType = file.storyboard; name = Base; path = Base.lproj/Main.storyboard; sourceTree = "<group>"; };
		DEE796071BB4232F005128DF /* Assets.xcassets */ = {isa = PBXFileReference; lastKnownFileType = folder.assetcatalog; path = Assets.xcassets; sourceTree = "<group>"; };
		DEE7960A1BB4232F005128DF /* Base */ = {isa = PBXFileReference; lastKnownFileType = file.storyboard; name = Base; path = Base.lproj/LaunchScreen.storyboard; sourceTree = "<group>"; };
		DEE7960C1BB4232F005128DF /* Info.plist */ = {isa = PBXFileReference; lastKnownFileType = text.plist.xml; path = Info.plist; sourceTree = "<group>"; };
		DEE796111BB4232F005128DF /* goCoworkingSpaceReportTests.xctest */ = {isa = PBXFileReference; explicitFileType = wrapper.cfbundle; includeInIndex = 0; path = goCoworkingSpaceReportTests.xctest; sourceTree = BUILT_PRODUCTS_DIR; };
		DEE796151BB4232F005128DF /* goCoworkingSpaceReportTests.swift */ = {isa = PBXFileReference; lastKnownFileType = sourcecode.swift; path = goCoworkingSpaceReportTests.swift; sourceTree = "<group>"; };
		DEE796171BB4232F005128DF /* Info.plist */ = {isa = PBXFileReference; lastKnownFileType = text.plist.xml; path = Info.plist; sourceTree = "<group>"; };
		DEE7961C1BB4232F005128DF /* goCoworkingSpaceReportUITests.xctest */ = {isa = PBXFileReference; explicitFileType = wrapper.cfbundle; includeInIndex = 0; path = goCoworkingSpaceReportUITests.xctest; sourceTree = BUILT_PRODUCTS_DIR; };
		DEE796201BB4232F005128DF /* goCoworkingSpaceReportUITests.swift */ = {isa = PBXFileReference; lastKnownFileType = sourcecode.swift; path = goCoworkingSpaceReportUITests.swift; sourceTree = "<group>"; };
		DEE796221BB4232F005128DF /* Info.plist */ = {isa = PBXFileReference; lastKnownFileType = text.plist.xml; path = Info.plist; sourceTree = "<group>"; };
		DEE7962F1BB45404005128DF /* ListStatus.swift */ = {isa = PBXFileReference; fileEncoding = 4; lastKnownFileType = sourcecode.swift; path = ListStatus.swift; sourceTree = "<group>"; };
		DEE796321BB456D9005128DF /* AnotherWindow.swift */ = {isa = PBXFileReference; fileEncoding = 4; lastKnownFileType = sourcecode.swift; path = AnotherWindow.swift; sourceTree = "<group>"; };
		DEE796341BB4575A005128DF /* DeviceSize.swift */ = {isa = PBXFileReference; fileEncoding = 4; lastKnownFileType = sourcecode.swift; path = DeviceSize.swift; sourceTree = "<group>"; };
		DEE796361BB4578D005128DF /* ColorDefinition.swift */ = {isa = PBXFileReference; fileEncoding = 4; lastKnownFileType = sourcecode.swift; path = ColorDefinition.swift; sourceTree = "<group>"; };
		DEE796381BB45F77005128DF /* ListController.swift */ = {isa = PBXFileReference; fileEncoding = 4; lastKnownFileType = sourcecode.swift; path = ListController.swift; sourceTree = "<group>"; };
		DEE7963A1BB4608B005128DF /* Bolts.framework */ = {isa = PBXFileReference; lastKnownFileType = wrapper.framework; path = Bolts.framework; sourceTree = "<group>"; };
		DEE7963B1BB4608B005128DF /* Parse.framework */ = {isa = PBXFileReference; lastKnownFileType = wrapper.framework; path = Parse.framework; sourceTree = "<group>"; };
		DEE7963F1BB46107005128DF /* Accounts.framework */ = {isa = PBXFileReference; lastKnownFileType = wrapper.framework; name = Accounts.framework; path = System/Library/Frameworks/Accounts.framework; sourceTree = SDKROOT; };
		DEE796411BB46114005128DF /* Social.framework */ = {isa = PBXFileReference; lastKnownFileType = wrapper.framework; name = Social.framework; path = System/Library/Frameworks/Social.framework; sourceTree = SDKROOT; };
		DEE796431BB46130005128DF /* libsqlite3.tbd */ = {isa = PBXFileReference; lastKnownFileType = "sourcecode.text-based-dylib-definition"; name = libsqlite3.tbd; path = usr/lib/libsqlite3.tbd; sourceTree = SDKROOT; };
		DEE796451BB46138005128DF /* libz.tbd */ = {isa = PBXFileReference; lastKnownFileType = "sourcecode.text-based-dylib-definition"; name = libz.tbd; path = usr/lib/libz.tbd; sourceTree = SDKROOT; };
		DEE796471BB46149005128DF /* SystemConfiguration.framework */ = {isa = PBXFileReference; lastKnownFileType = wrapper.framework; name = SystemConfiguration.framework; path = System/Library/Frameworks/SystemConfiguration.framework; sourceTree = SDKROOT; };
		DEE796491BB4615A005128DF /* StoreKit.framework */ = {isa = PBXFileReference; lastKnownFileType = wrapper.framework; name = StoreKit.framework; path = System/Library/Frameworks/StoreKit.framework; sourceTree = SDKROOT; };
		DEE7964B1BB4616E005128DF /* Security.framework */ = {isa = PBXFileReference; lastKnownFileType = wrapper.framework; name = Security.framework; path = System/Library/Frameworks/Security.framework; sourceTree = SDKROOT; };
		DEE7964D1BB4617E005128DF /* QuartzCore.framework */ = {isa = PBXFileReference; lastKnownFileType = wrapper.framework; name = QuartzCore.framework; path = System/Library/Frameworks/QuartzCore.framework; sourceTree = SDKROOT; };
		DEE7964F1BB4618F005128DF /* CoreLocation.framework */ = {isa = PBXFileReference; lastKnownFileType = wrapper.framework; name = CoreLocation.framework; path = System/Library/Frameworks/CoreLocation.framework; sourceTree = SDKROOT; };
		DEE796511BB4619D005128DF /* CoreGraphics.framework */ = {isa = PBXFileReference; lastKnownFileType = wrapper.framework; name = CoreGraphics.framework; path = System/Library/Frameworks/CoreGraphics.framework; sourceTree = SDKROOT; };
		DEE796531BB461B1005128DF /* CFNetwork.framework */ = {isa = PBXFileReference; lastKnownFileType = wrapper.framework; name = CFNetwork.framework; path = System/Library/Frameworks/CFNetwork.framework; sourceTree = SDKROOT; };
		DEE796551BB461C3005128DF /* AudioToolbox.framework */ = {isa = PBXFileReference; lastKnownFileType = wrapper.framework; name = AudioToolbox.framework; path = System/Library/Frameworks/AudioToolbox.framework; sourceTree = SDKROOT; };
		DEE7965D1BB65274005128DF /* Realm.framework */ = {isa = PBXFileReference; lastKnownFileType = wrapper.framework; path = Realm.framework; sourceTree = "<group>"; };
		DEE7965E1BB65274005128DF /* RealmSwift.framework */ = {isa = PBXFileReference; lastKnownFileType = wrapper.framework; path = RealmSwift.framework; sourceTree = "<group>"; };
		DEE796681BB6CEFA005128DF /* goCoworkingSpaceReportWatch.app */ = {isa = PBXFileReference; explicitFileType = wrapper.application; includeInIndex = 0; path = goCoworkingSpaceReportWatch.app; sourceTree = BUILT_PRODUCTS_DIR; };
		DEE7966B1BB6CEFA005128DF /* Base */ = {isa = PBXFileReference; lastKnownFileType = file.storyboard; name = Base; path = Base.lproj/Interface.storyboard; sourceTree = "<group>"; };
		DEE7966D1BB6CEFA005128DF /* Assets.xcassets */ = {isa = PBXFileReference; lastKnownFileType = folder.assetcatalog; path = Assets.xcassets; sourceTree = "<group>"; };
		DEE7966F1BB6CEFA005128DF /* Info.plist */ = {isa = PBXFileReference; lastKnownFileType = text.plist.xml; path = Info.plist; sourceTree = "<group>"; };
		DEE796741BB6CEFA005128DF /* goCoworkingSpaceReportWatch Extension.appex */ = {isa = PBXFileReference; explicitFileType = "wrapper.app-extension"; includeInIndex = 0; path = "goCoworkingSpaceReportWatch Extension.appex"; sourceTree = BUILT_PRODUCTS_DIR; };
		DEE7967A1BB6CEFA005128DF /* PushNotificationPayload.apns */ = {isa = PBXFileReference; lastKnownFileType = text; path = PushNotificationPayload.apns; sourceTree = "<group>"; };
		DEE7967B1BB6CEFA005128DF /* InterfaceController.swift */ = {isa = PBXFileReference; lastKnownFileType = sourcecode.swift; path = InterfaceController.swift; sourceTree = "<group>"; };
		DEE7967D1BB6CEFA005128DF /* ExtensionDelegate.swift */ = {isa = PBXFileReference; lastKnownFileType = sourcecode.swift; path = ExtensionDelegate.swift; sourceTree = "<group>"; };
		DEE796811BB6CEFA005128DF /* GlanceController.swift */ = {isa = PBXFileReference; lastKnownFileType = sourcecode.swift; path = GlanceController.swift; sourceTree = "<group>"; };
		DEE796831BB6CEFA005128DF /* Assets.xcassets */ = {isa = PBXFileReference; lastKnownFileType = folder.assetcatalog; path = Assets.xcassets; sourceTree = "<group>"; };
		DEE796851BB6CEFA005128DF /* Info.plist */ = {isa = PBXFileReference; lastKnownFileType = text.plist.xml; path = Info.plist; sourceTree = "<group>"; };
		DEE796911BB6EFAD005128DF /* ProfileController.swift */ = {isa = PBXFileReference; fileEncoding = 4; lastKnownFileType = sourcecode.swift; path = ProfileController.swift; sourceTree = "<group>"; };
		DEE796931BB6F943005128DF /* NowOpenController.swift */ = {isa = PBXFileReference; fileEncoding = 4; lastKnownFileType = sourcecode.swift; path = NowOpenController.swift; sourceTree = "<group>"; };
		DEE7969A1BB6FCDA005128DF /* BannerController.swift */ = {isa = PBXFileReference; fileEncoding = 4; lastKnownFileType = sourcecode.swift; path = BannerController.swift; sourceTree = "<group>"; };
		DEE7969D1BB6FDC6005128DF /* ProfileEditController.swift */ = {isa = PBXFileReference; fileEncoding = 4; lastKnownFileType = sourcecode.swift; path = ProfileEditController.swift; sourceTree = "<group>"; };
		DEE7969F1BB6FE1F005128DF /* NowOpenDetailController.swift */ = {isa = PBXFileReference; fileEncoding = 4; lastKnownFileType = sourcecode.swift; path = NowOpenDetailController.swift; sourceTree = "<group>"; };
		DEE796A51BB70176005128DF /* ProfileNotTapCell.swift */ = {isa = PBXFileReference; fileEncoding = 4; lastKnownFileType = sourcecode.swift; path = ProfileNotTapCell.swift; sourceTree = "<group>"; };
		DEE796A61BB70176005128DF /* ProfileNotTapCell.xib */ = {isa = PBXFileReference; fileEncoding = 4; lastKnownFileType = file.xib; path = ProfileNotTapCell.xib; sourceTree = "<group>"; };
		DEE796A91BB70198005128DF /* ProfileTapCell.swift */ = {isa = PBXFileReference; fileEncoding = 4; lastKnownFileType = sourcecode.swift; path = ProfileTapCell.swift; sourceTree = "<group>"; };
		DEE796AA1BB70198005128DF /* ProfileTapCell.xib */ = {isa = PBXFileReference; fileEncoding = 4; lastKnownFileType = file.xib; path = ProfileTapCell.xib; sourceTree = "<group>"; };
		DEE796AD1BB701C5005128DF /* HistoryCell.swift */ = {isa = PBXFileReference; fileEncoding = 4; lastKnownFileType = sourcecode.swift; path = HistoryCell.swift; sourceTree = "<group>"; };
		DEE796AE1BB701C5005128DF /* HistoryCell.xib */ = {isa = PBXFileReference; fileEncoding = 4; lastKnownFileType = file.xib; path = HistoryCell.xib; sourceTree = "<group>"; };
		DEE796B11BB70228005128DF /* HistoryTappedCell.swift */ = {isa = PBXFileReference; fileEncoding = 4; lastKnownFileType = sourcecode.swift; path = HistoryTappedCell.swift; sourceTree = "<group>"; };
		DEE796B21BB70228005128DF /* HistoryTappedCell.xib */ = {isa = PBXFileReference; fileEncoding = 4; lastKnownFileType = file.xib; path = HistoryTappedCell.xib; sourceTree = "<group>"; };
		DEE796B51BB7024B005128DF /* NowOpenCell.swift */ = {isa = PBXFileReference; fileEncoding = 4; lastKnownFileType = sourcecode.swift; path = NowOpenCell.swift; sourceTree = "<group>"; };
		DEE796B61BB7024B005128DF /* NowOpenCell.xib */ = {isa = PBXFileReference; fileEncoding = 4; lastKnownFileType = file.xib; path = NowOpenCell.xib; sourceTree = "<group>"; };
		DEE796B91BB7026B005128DF /* NowHereCell.swift */ = {isa = PBXFileReference; fileEncoding = 4; lastKnownFileType = sourcecode.swift; path = NowHereCell.swift; sourceTree = "<group>"; };
		DEE796BA1BB7026B005128DF /* NowHereCell.xib */ = {isa = PBXFileReference; fileEncoding = 4; lastKnownFileType = file.xib; path = NowHereCell.xib; sourceTree = "<group>"; };
		DEF170221BF72C2800F6E2EB /* BlankCell.swift */ = {isa = PBXFileReference; fileEncoding = 4; lastKnownFileType = sourcecode.swift; path = BlankCell.swift; sourceTree = "<group>"; };
		DEF170231BF72C2800F6E2EB /* BlankCell.xib */ = {isa = PBXFileReference; fileEncoding = 4; lastKnownFileType = file.xib; path = BlankCell.xib; sourceTree = "<group>"; };
		DEFD84621BE91EF600DB169A /* HelpController.swift */ = {isa = PBXFileReference; fileEncoding = 4; lastKnownFileType = sourcecode.swift; path = HelpController.swift; sourceTree = "<group>"; };
/* End PBXFileReference section */

/* Begin PBXFrameworksBuildPhase section */
		DEE795FA1BB4232F005128DF /* Frameworks */ = {
			isa = PBXFrameworksBuildPhase;
			buildActionMask = 2147483647;
			files = (
				DE779B051C0975C900E4978B /* MapKit.framework in Frameworks */,
				DEE796561BB461C3005128DF /* AudioToolbox.framework in Frameworks */,
				DEE796541BB461B1005128DF /* CFNetwork.framework in Frameworks */,
				DEE796631BB65292005128DF /* RealmSwift.framework in Frameworks */,
				DEE796521BB4619D005128DF /* CoreGraphics.framework in Frameworks */,
				DEE796501BB4618F005128DF /* CoreLocation.framework in Frameworks */,
				DEE7964E1BB4617E005128DF /* QuartzCore.framework in Frameworks */,
				DEE7964C1BB4616E005128DF /* Security.framework in Frameworks */,
				DEE7964A1BB4615A005128DF /* StoreKit.framework in Frameworks */,
				DEE796481BB46149005128DF /* SystemConfiguration.framework in Frameworks */,
				DEE796461BB46138005128DF /* libz.tbd in Frameworks */,
				DE6F333F1BE5916600FF4043 /* ParseUI.framework in Frameworks */,
				DEE7965F1BB65274005128DF /* Realm.framework in Frameworks */,
				DEE796441BB46130005128DF /* libsqlite3.tbd in Frameworks */,
				DEE796421BB46114005128DF /* Social.framework in Frameworks */,
				DEE796401BB46107005128DF /* Accounts.framework in Frameworks */,
				DEE7963D1BB4608B005128DF /* Parse.framework in Frameworks */,
				DEE796601BB65274005128DF /* RealmSwift.framework in Frameworks */,
				DEE796611BB65292005128DF /* Realm.framework in Frameworks */,
				DEE7963C1BB4608B005128DF /* Bolts.framework in Frameworks */,
			);
			runOnlyForDeploymentPostprocessing = 0;
		};
		DEE7960E1BB4232F005128DF /* Frameworks */ = {
			isa = PBXFrameworksBuildPhase;
			buildActionMask = 2147483647;
			files = (
			);
			runOnlyForDeploymentPostprocessing = 0;
		};
		DEE796191BB4232F005128DF /* Frameworks */ = {
			isa = PBXFrameworksBuildPhase;
			buildActionMask = 2147483647;
			files = (
			);
			runOnlyForDeploymentPostprocessing = 0;
		};
		DEE796711BB6CEFA005128DF /* Frameworks */ = {
			isa = PBXFrameworksBuildPhase;
			buildActionMask = 2147483647;
			files = (
			);
			runOnlyForDeploymentPostprocessing = 0;
		};
/* End PBXFrameworksBuildPhase section */

/* Begin PBXGroup section */
		DE083B021BC70F6F000A35A7 /* Models */ = {
			isa = PBXGroup;
			children = (
				DE3F81521BEF0C38009EEFE7 /* Realm */,
				DE3F81511BEF0C27009EEFE7 /* Parse */,
			);
			name = Models;
			sourceTree = "<group>";
		};
		DE1181A81BC0F9E8002794AE /* Assets */ = {
			isa = PBXGroup;
			children = (
				DE779AF51C08AD5D00E4978B /* Production */,
				DE779AF31C06217F00E4978B /* Sample */,
			);
			name = Assets;
			sourceTree = "<group>";
		};
		DE3F81511BEF0C27009EEFE7 /* Parse */ = {
			isa = PBXGroup;
			children = (
				DE083B041BC70FB8000A35A7 /* History.swift */,
				DE3F81531BEF0CE6009EEFE7 /* Profile.swift */,
			);
			name = Parse;
			sourceTree = "<group>";
		};
		DE3F81521BEF0C38009EEFE7 /* Realm */ = {
			isa = PBXGroup;
			children = (
			);
			name = Realm;
			sourceTree = "<group>";
		};
		DE3F81591BEF1960009EEFE7 /* NowOpenDetail */ = {
			isa = PBXGroup;
			children = (
				DE3F81611BEF3AEC009EEFE7 /* UserThumbController.swift */,
				DE3F815F1BEF3500009EEFE7 /* Cells */,
			);
			name = NowOpenDetail;
			sourceTree = "<group>";
		};
		DE3F815A1BEF1A3D009EEFE7 /* Cells */ = {
			isa = PBXGroup;
			children = (
				DEE796B51BB7024B005128DF /* NowOpenCell.swift */,
				DEE796B61BB7024B005128DF /* NowOpenCell.xib */,
			);
			name = Cells;
			sourceTree = "<group>";
		};
		DE3F815B1BEF1A5D009EEFE7 /* Cells */ = {
			isa = PBXGroup;
			children = (
				DEE796AD1BB701C5005128DF /* HistoryCell.swift */,
				DEE796AE1BB701C5005128DF /* HistoryCell.xib */,
				DEE796B11BB70228005128DF /* HistoryTappedCell.swift */,
				DEE796B21BB70228005128DF /* HistoryTappedCell.xib */,
			);
			name = Cells;
			sourceTree = "<group>";
		};
		DE3F815C1BEF1A88009EEFE7 /* Cells */ = {
			isa = PBXGroup;
			children = (
				DEE796A51BB70176005128DF /* ProfileNotTapCell.swift */,
				DEE796A61BB70176005128DF /* ProfileNotTapCell.xib */,
				DEE796A91BB70198005128DF /* ProfileTapCell.swift */,
				DEE796AA1BB70198005128DF /* ProfileTapCell.xib */,
			);
			name = Cells;
			sourceTree = "<group>";
		};
		DE3F815D1BEF1AA2009EEFE7 /* Cells */ = {
			isa = PBXGroup;
			children = (
				DEE796B91BB7026B005128DF /* NowHereCell.swift */,
				DEE796BA1BB7026B005128DF /* NowHereCell.xib */,
			);
			name = Cells;
			sourceTree = "<group>";
		};
		DE3F815E1BEF1ABD009EEFE7 /* Banner */ = {
			isa = PBXGroup;
			children = (
				DEE7969A1BB6FCDA005128DF /* BannerController.swift */,
			);
			name = Banner;
			sourceTree = "<group>";
		};
		DE3F815F1BEF3500009EEFE7 /* Cells */ = {
			isa = PBXGroup;
			children = (
				DE488BA51C001F68007F96B2 /* IntroductionDetail */,
				DE3F81891BEF4107009EEFE7 /* Blank */,
				DE3F81881BEF40F1009EEFE7 /* DetailButton */,
				DE3F81861BEF40C2009EEFE7 /* IntroductionImage */,
				DE3F81871BEF40D3009EEFE7 /* IntroductionText */,
			);
			name = Cells;
			sourceTree = "<group>";
		};
		DE3F81841BEF409A009EEFE7 /* Facebook */ = {
			isa = PBXGroup;
			children = (
				DE3F81771BEF3FD3009EEFE7 /* FacebookCell.swift */,
				DE3F81781BEF3FD3009EEFE7 /* FacebookCell.xib */,
			);
			name = Facebook;
			sourceTree = "<group>";
		};
		DE3F81861BEF40C2009EEFE7 /* IntroductionImage */ = {
			isa = PBXGroup;
			children = (
				DE3F81631BEF3CC2009EEFE7 /* IntroductionImageCell.swift */,
				DE3F81641BEF3CC2009EEFE7 /* IntroductionImageCell.xib */,
			);
			name = IntroductionImage;
			sourceTree = "<group>";
		};
		DE3F81871BEF40D3009EEFE7 /* IntroductionText */ = {
			isa = PBXGroup;
			children = (
				DE3F81671BEF3D3E009EEFE7 /* IntroductionTextCell.swift */,
				DE3F81681BEF3D3E009EEFE7 /* IntroductionTextCell.xib */,
			);
			name = IntroductionText;
			sourceTree = "<group>";
		};
		DE3F81881BEF40F1009EEFE7 /* DetailButton */ = {
			isa = PBXGroup;
			children = (
				DE3F816F1BEF3EE9009EEFE7 /* DetailButtonCell.swift */,
				DE3F81701BEF3EE9009EEFE7 /* DetailButtonCell.xib */,
			);
			name = DetailButton;
			sourceTree = "<group>";
		};
		DE3F81891BEF4107009EEFE7 /* Blank */ = {
			isa = PBXGroup;
			children = (
				DEF170221BF72C2800F6E2EB /* BlankCell.swift */,
				DEF170231BF72C2800F6E2EB /* BlankCell.xib */,
			);
			name = Blank;
			sourceTree = "<group>";
		};
		DE3F818A1BEF4154009EEFE7 /* EventAndStudy */ = {
			isa = PBXGroup;
			children = (
				DE3F818B1BEF417B009EEFE7 /* EventAndStudyCell.swift */,
				DE3F818C1BEF417B009EEFE7 /* EventAndStudyCell.xib */,
			);
			name = EventAndStudy;
			sourceTree = "<group>";
		};
		DE488BA51C001F68007F96B2 /* IntroductionDetail */ = {
			isa = PBXGroup;
			children = (
				DE488BA71C001FE1007F96B2 /* IntroductionDetailCell.swift */,
				DE488BA81C001FE1007F96B2 /* IntroductionDetailCell.xib */,
			);
			name = IntroductionDetail;
			sourceTree = "<group>";
		};
		DE488BAB1C00488F007F96B2 /* NowOpenRelated */ = {
			isa = PBXGroup;
			children = (
				DE488BAD1C0048BB007F96B2 /* Cells */,
			);
			name = NowOpenRelated;
			sourceTree = "<group>";
		};
		DE488BAD1C0048BB007F96B2 /* Cells */ = {
			isa = PBXGroup;
			children = (
				DE3F81841BEF409A009EEFE7 /* Facebook */,
				DE3F818A1BEF4154009EEFE7 /* EventAndStudy */,
			);
			name = Cells;
			sourceTree = "<group>";
		};
		DE779AF31C06217F00E4978B /* Sample */ = {
			isa = PBXGroup;
			children = (
				DE779AF61C08AD6C00E4978B /* Image */,
			);
			name = Sample;
			sourceTree = "<group>";
		};
		DE779AF51C08AD5D00E4978B /* Production */ = {
			isa = PBXGroup;
			children = (
				DE779AF71C08AD7B00E4978B /* Image */,
			);
			name = Production;
			sourceTree = "<group>";
		};
		DE779AF61C08AD6C00E4978B /* Image */ = {
			isa = PBXGroup;
			children = (
				DE1181A91BC0FA0D002794AE /* coedo.jpg */,
			);
			name = Image;
			sourceTree = "<group>";
		};
		DE779AF71C08AD7B00E4978B /* Image */ = {
			isa = PBXGroup;
			children = (
			);
			name = Image;
			sourceTree = "<group>";
		};
		DE779AFD1C08D59B00E4978B /* PopupUnits */ = {
			isa = PBXGroup;
			children = (
				DE779B031C08D8A500E4978B /* Photo */,
				DE779AFE1C08D5FA00E4978B /* Map */,
			);
			name = PopupUnits;
			sourceTree = "<group>";
		};
		DE779AFE1C08D5FA00E4978B /* Map */ = {
			isa = PBXGroup;
			children = (
				DE779AF81C08D56A00E4978B /* MapPopupUnitController.swift */,
			);
			name = Map;
			sourceTree = "<group>";
		};
		DE779B031C08D8A500E4978B /* Photo */ = {
			isa = PBXGroup;
			children = (
				DE779AFF1C08D89300E4978B /* PhotoPopupUnitController.swift */,
			);
			name = Photo;
			sourceTree = "<group>";
		};
		DEE795F41BB4232F005128DF = {
			isa = PBXGroup;
			children = (
				DEE795FF1BB4232F005128DF /* goCoworkingSpaceReport */,
				DEE796141BB4232F005128DF /* goCoworkingSpaceReportTests */,
				DEE7961F1BB4232F005128DF /* goCoworkingSpaceReportUITests */,
				DEE796691BB6CEFA005128DF /* goCoworkingSpaceReportWatch */,
				DEE796781BB6CEFA005128DF /* goCoworkingSpaceReportWatch Extension */,
				DEE795FE1BB4232F005128DF /* Products */,
			);
			sourceTree = "<group>";
		};
		DEE795FE1BB4232F005128DF /* Products */ = {
			isa = PBXGroup;
			children = (
				DEE795FD1BB4232F005128DF /* goCoworkingSpaceReport.app */,
				DEE796111BB4232F005128DF /* goCoworkingSpaceReportTests.xctest */,
				DEE7961C1BB4232F005128DF /* goCoworkingSpaceReportUITests.xctest */,
				DEE796681BB6CEFA005128DF /* goCoworkingSpaceReportWatch.app */,
				DEE796741BB6CEFA005128DF /* goCoworkingSpaceReportWatch Extension.appex */,
			);
			name = Products;
			sourceTree = "<group>";
		};
		DEE795FF1BB4232F005128DF /* goCoworkingSpaceReport */ = {
			isa = PBXGroup;
			children = (
				DEE796001BB4232F005128DF /* AppDelegate.swift */,
				DE1181A81BC0F9E8002794AE /* Assets */,
				DE083B021BC70F6F000A35A7 /* Models */,
				DEE7963E1BB46091005128DF /* Frameworks */,
				DEE796311BB45610005128DF /* Libraries */,
				DEE7962E1BB44791005128DF /* Constants */,
				DEE796991BB6F9C1005128DF /* Components */,
				DE083B5F1BCAA413000A35A7 /* CameraController.swift */,
				DEE796021BB4232F005128DF /* ViewController.swift */,
				DEE796381BB45F77005128DF /* ListController.swift */,
				DEFD84621BE91EF600DB169A /* HelpController.swift */,
				DEE7969D1BB6FDC6005128DF /* ProfileEditController.swift */,
				DEE7969F1BB6FE1F005128DF /* NowOpenDetailController.swift */,
				DEE796041BB4232F005128DF /* Main.storyboard */,
				DEE796071BB4232F005128DF /* Assets.xcassets */,
				DEE796091BB4232F005128DF /* LaunchScreen.storyboard */,
				DEE7960C1BB4232F005128DF /* Info.plist */,
			);
			path = goCoworkingSpaceReport;
			sourceTree = "<group>";
		};
		DEE796141BB4232F005128DF /* goCoworkingSpaceReportTests */ = {
			isa = PBXGroup;
			children = (
				DEE796151BB4232F005128DF /* goCoworkingSpaceReportTests.swift */,
				DEE796171BB4232F005128DF /* Info.plist */,
			);
			path = goCoworkingSpaceReportTests;
			sourceTree = "<group>";
		};
		DEE7961F1BB4232F005128DF /* goCoworkingSpaceReportUITests */ = {
			isa = PBXGroup;
			children = (
				DEE796201BB4232F005128DF /* goCoworkingSpaceReportUITests.swift */,
				DEE796221BB4232F005128DF /* Info.plist */,
			);
			path = goCoworkingSpaceReportUITests;
			sourceTree = "<group>";
		};
		DEE7962E1BB44791005128DF /* Constants */ = {
			isa = PBXGroup;
			children = (
				DEE7962F1BB45404005128DF /* ListStatus.swift */,
				DEE796321BB456D9005128DF /* AnotherWindow.swift */,
				DE6C79331BBC519400F1A6E9 /* ColorStatus.swift */,
				DE3F814F1BEF0891009EEFE7 /* DetailTableDefinition.swift */,
				DE488BA31C0004EF007F96B2 /* DetailRelateTableDefinition.swift */,
				DE6C79351BBC536C00F1A6E9 /* TitleText.swift */,
				DE3F81551BEF0E3F009EEFE7 /* MessageText.swift */,
			);
			name = Constants;
			sourceTree = "<group>";
		};
		DEE796311BB45610005128DF /* Libraries */ = {
			isa = PBXGroup;
			children = (
				DEE796341BB4575A005128DF /* DeviceSize.swift */,
				DEE796361BB4578D005128DF /* ColorDefinition.swift */,
				DE6C79311BBC211100F1A6E9 /* Validation.swift */,
				DEBA35F51C0A4088002D3C62 /* NowDetailTableCellDefintion.swift */,
			);
			name = Libraries;
			sourceTree = "<group>";
		};
		DEE7963E1BB46091005128DF /* Frameworks */ = {
			isa = PBXGroup;
			children = (
				DE779B041C0975C800E4978B /* MapKit.framework */,
				DE6F333E1BE5916500FF4043 /* ParseUI.framework */,
				DEE7965D1BB65274005128DF /* Realm.framework */,
				DEE7965E1BB65274005128DF /* RealmSwift.framework */,
				DEE796551BB461C3005128DF /* AudioToolbox.framework */,
				DEE796531BB461B1005128DF /* CFNetwork.framework */,
				DEE796511BB4619D005128DF /* CoreGraphics.framework */,
				DEE7964F1BB4618F005128DF /* CoreLocation.framework */,
				DEE7964D1BB4617E005128DF /* QuartzCore.framework */,
				DEE7964B1BB4616E005128DF /* Security.framework */,
				DEE796491BB4615A005128DF /* StoreKit.framework */,
				DEE796471BB46149005128DF /* SystemConfiguration.framework */,
				DEE796451BB46138005128DF /* libz.tbd */,
				DEE796431BB46130005128DF /* libsqlite3.tbd */,
				DEE796411BB46114005128DF /* Social.framework */,
				DEE7963F1BB46107005128DF /* Accounts.framework */,
				DEE7963A1BB4608B005128DF /* Bolts.framework */,
				DEE7963B1BB4608B005128DF /* Parse.framework */,
			);
			name = Frameworks;
			sourceTree = "<group>";
		};
		DEE796691BB6CEFA005128DF /* goCoworkingSpaceReportWatch */ = {
			isa = PBXGroup;
			children = (
				DEE7966A1BB6CEFA005128DF /* Interface.storyboard */,
				DEE7966D1BB6CEFA005128DF /* Assets.xcassets */,
				DEE7966F1BB6CEFA005128DF /* Info.plist */,
			);
			path = goCoworkingSpaceReportWatch;
			sourceTree = "<group>";
		};
		DEE796781BB6CEFA005128DF /* goCoworkingSpaceReportWatch Extension */ = {
			isa = PBXGroup;
			children = (
				DEE7967D1BB6CEFA005128DF /* ExtensionDelegate.swift */,
				DEE7967B1BB6CEFA005128DF /* InterfaceController.swift */,
				DE1181AC1BC11CC6002794AE /* DetailController.swift */,
				DE1181AE1BC11CE4002794AE /* PersonController.swift */,
				DEE796811BB6CEFA005128DF /* GlanceController.swift */,
				DEE796831BB6CEFA005128DF /* Assets.xcassets */,
				DEE796851BB6CEFA005128DF /* Info.plist */,
				DEE796791BB6CEFA005128DF /* Supporting Files */,
			);
			path = "goCoworkingSpaceReportWatch Extension";
			sourceTree = "<group>";
		};
		DEE796791BB6CEFA005128DF /* Supporting Files */ = {
			isa = PBXGroup;
			children = (
				DEE7967A1BB6CEFA005128DF /* PushNotificationPayload.apns */,
			);
			name = "Supporting Files";
			sourceTree = "<group>";
		};
		DEE796991BB6F9C1005128DF /* Components */ = {
			isa = PBXGroup;
			children = (
				DE779AFD1C08D59B00E4978B /* PopupUnits */,
				DEE7969C1BB6FD5D005128DF /* Containers */,
			);
			name = Components;
			sourceTree = "<group>";
		};
		DEE7969C1BB6FD5D005128DF /* Containers */ = {
			isa = PBXGroup;
			children = (
				DE3F815E1BEF1ABD009EEFE7 /* Banner */,
				DE488BAB1C00488F007F96B2 /* NowOpenRelated */,
				DE3F81591BEF1960009EEFE7 /* NowOpenDetail */,
				DEE796A41BB70067005128DF /* VisitHistory */,
				DEE796A31BB7005A005128DF /* NowOpen */,
				DEE796A21BB6FF95005128DF /* NowHere */,
				DEE796A11BB6FF7A005128DF /* Profile */,
			);
			name = Containers;
			sourceTree = "<group>";
		};
		DEE796A11BB6FF7A005128DF /* Profile */ = {
			isa = PBXGroup;
			children = (
				DE3F815C1BEF1A88009EEFE7 /* Cells */,
				DEE796911BB6EFAD005128DF /* ProfileController.swift */,
			);
			name = Profile;
			sourceTree = "<group>";
		};
		DEE796A21BB6FF95005128DF /* NowHere */ = {
			isa = PBXGroup;
			children = (
				DE3F815D1BEF1AA2009EEFE7 /* Cells */,
				DE1181A31BC0F806002794AE /* NowHereController.swift */,
			);
			name = NowHere;
			sourceTree = "<group>";
		};
		DEE796A31BB7005A005128DF /* NowOpen */ = {
			isa = PBXGroup;
			children = (
				DE3F815A1BEF1A3D009EEFE7 /* Cells */,
				DEE796931BB6F943005128DF /* NowOpenController.swift */,
			);
			name = NowOpen;
			sourceTree = "<group>";
		};
		DEE796A41BB70067005128DF /* VisitHistory */ = {
			isa = PBXGroup;
			children = (
				DE3F815B1BEF1A5D009EEFE7 /* Cells */,
				DE1181A41BC0F806002794AE /* VisitHistoryController.swift */,
			);
			name = VisitHistory;
			sourceTree = "<group>";
		};
/* End PBXGroup section */

/* Begin PBXNativeTarget section */
		DEE795FC1BB4232F005128DF /* goCoworkingSpaceReport */ = {
			isa = PBXNativeTarget;
			buildConfigurationList = DEE796251BB4232F005128DF /* Build configuration list for PBXNativeTarget "goCoworkingSpaceReport" */;
			buildPhases = (
				DEE795F91BB4232F005128DF /* Sources */,
				DEE795FA1BB4232F005128DF /* Frameworks */,
				DEE795FB1BB4232F005128DF /* Resources */,
				DEE796651BB65293005128DF /* Embed Frameworks */,
				DEE796901BB6CEFA005128DF /* Embed Watch Content */,
			);
			buildRules = (
			);
			dependencies = (
				DEE796871BB6CEFA005128DF /* PBXTargetDependency */,
			);
			name = goCoworkingSpaceReport;
			productName = goCoworkingSpaceReport;
			productReference = DEE795FD1BB4232F005128DF /* goCoworkingSpaceReport.app */;
			productType = "com.apple.product-type.application";
		};
		DEE796101BB4232F005128DF /* goCoworkingSpaceReportTests */ = {
			isa = PBXNativeTarget;
			buildConfigurationList = DEE796281BB4232F005128DF /* Build configuration list for PBXNativeTarget "goCoworkingSpaceReportTests" */;
			buildPhases = (
				DEE7960D1BB4232F005128DF /* Sources */,
				DEE7960E1BB4232F005128DF /* Frameworks */,
				DEE7960F1BB4232F005128DF /* Resources */,
			);
			buildRules = (
			);
			dependencies = (
				DEE796131BB4232F005128DF /* PBXTargetDependency */,
			);
			name = goCoworkingSpaceReportTests;
			productName = goCoworkingSpaceReportTests;
			productReference = DEE796111BB4232F005128DF /* goCoworkingSpaceReportTests.xctest */;
			productType = "com.apple.product-type.bundle.unit-test";
		};
		DEE7961B1BB4232F005128DF /* goCoworkingSpaceReportUITests */ = {
			isa = PBXNativeTarget;
			buildConfigurationList = DEE7962B1BB4232F005128DF /* Build configuration list for PBXNativeTarget "goCoworkingSpaceReportUITests" */;
			buildPhases = (
				DEE796181BB4232F005128DF /* Sources */,
				DEE796191BB4232F005128DF /* Frameworks */,
				DEE7961A1BB4232F005128DF /* Resources */,
			);
			buildRules = (
			);
			dependencies = (
				DEE7961E1BB4232F005128DF /* PBXTargetDependency */,
			);
			name = goCoworkingSpaceReportUITests;
			productName = goCoworkingSpaceReportUITests;
			productReference = DEE7961C1BB4232F005128DF /* goCoworkingSpaceReportUITests.xctest */;
			productType = "com.apple.product-type.bundle.ui-testing";
		};
		DEE796671BB6CEFA005128DF /* goCoworkingSpaceReportWatch */ = {
			isa = PBXNativeTarget;
			buildConfigurationList = DEE7968D1BB6CEFA005128DF /* Build configuration list for PBXNativeTarget "goCoworkingSpaceReportWatch" */;
			buildPhases = (
				DEE796661BB6CEFA005128DF /* Resources */,
				DEE7968C1BB6CEFA005128DF /* Embed App Extensions */,
			);
			buildRules = (
			);
			dependencies = (
				DEE796771BB6CEFA005128DF /* PBXTargetDependency */,
			);
			name = goCoworkingSpaceReportWatch;
			productName = goCoworkingSpaceReportWatch;
			productReference = DEE796681BB6CEFA005128DF /* goCoworkingSpaceReportWatch.app */;
			productType = "com.apple.product-type.application.watchapp2";
		};
		DEE796731BB6CEFA005128DF /* goCoworkingSpaceReportWatch Extension */ = {
			isa = PBXNativeTarget;
			buildConfigurationList = DEE796891BB6CEFA005128DF /* Build configuration list for PBXNativeTarget "goCoworkingSpaceReportWatch Extension" */;
			buildPhases = (
				DEE796701BB6CEFA005128DF /* Sources */,
				DEE796711BB6CEFA005128DF /* Frameworks */,
				DEE796721BB6CEFA005128DF /* Resources */,
			);
			buildRules = (
			);
			dependencies = (
			);
			name = "goCoworkingSpaceReportWatch Extension";
			productName = "goCoworkingSpaceReportWatch Extension";
			productReference = DEE796741BB6CEFA005128DF /* goCoworkingSpaceReportWatch Extension.appex */;
			productType = "com.apple.product-type.watchkit2-extension";
		};
/* End PBXNativeTarget section */

/* Begin PBXProject section */
		DEE795F51BB4232F005128DF /* Project object */ = {
			isa = PBXProject;
			attributes = {
				LastUpgradeCheck = 0700;
				ORGANIZATIONNAME = just1factory;
				TargetAttributes = {
					DEE795FC1BB4232F005128DF = {
						CreatedOnToolsVersion = 7.0;
					};
					DEE796101BB4232F005128DF = {
						CreatedOnToolsVersion = 7.0;
						TestTargetID = DEE795FC1BB4232F005128DF;
					};
					DEE7961B1BB4232F005128DF = {
						CreatedOnToolsVersion = 7.0;
						TestTargetID = DEE795FC1BB4232F005128DF;
					};
					DEE796671BB6CEFA005128DF = {
						CreatedOnToolsVersion = 7.0;
					};
					DEE796731BB6CEFA005128DF = {
						CreatedOnToolsVersion = 7.0;
					};
				};
			};
			buildConfigurationList = DEE795F81BB4232F005128DF /* Build configuration list for PBXProject "goCoworkingSpaceReport" */;
			compatibilityVersion = "Xcode 3.2";
			developmentRegion = English;
			hasScannedForEncodings = 0;
			knownRegions = (
				en,
				Base,
			);
			mainGroup = DEE795F41BB4232F005128DF;
			productRefGroup = DEE795FE1BB4232F005128DF /* Products */;
			projectDirPath = "";
			projectRoot = "";
			targets = (
				DEE795FC1BB4232F005128DF /* goCoworkingSpaceReport */,
				DEE796101BB4232F005128DF /* goCoworkingSpaceReportTests */,
				DEE7961B1BB4232F005128DF /* goCoworkingSpaceReportUITests */,
				DEE796671BB6CEFA005128DF /* goCoworkingSpaceReportWatch */,
				DEE796731BB6CEFA005128DF /* goCoworkingSpaceReportWatch Extension */,
			);
		};
/* End PBXProject section */

/* Begin PBXResourcesBuildPhase section */
		DEE795FB1BB4232F005128DF /* Resources */ = {
			isa = PBXResourcesBuildPhase;
			buildActionMask = 2147483647;
			files = (
				DEE796AC1BB70198005128DF /* ProfileTapCell.xib in Resources */,
				DEE7960B1BB4232F005128DF /* LaunchScreen.storyboard in Resources */,
				DE3F81661BEF3CC2009EEFE7 /* IntroductionImageCell.xib in Resources */,
				DEE796BC1BB7026B005128DF /* NowHereCell.xib in Resources */,
				DEE796B41BB70228005128DF /* HistoryTappedCell.xib in Resources */,
				DEE796A81BB70176005128DF /* ProfileNotTapCell.xib in Resources */,
				DE488BAA1C001FE1007F96B2 /* IntroductionDetailCell.xib in Resources */,
				DEF170251BF72C2800F6E2EB /* BlankCell.xib in Resources */,
				DE3F81721BEF3EE9009EEFE7 /* DetailButtonCell.xib in Resources */,
				DEE796081BB4232F005128DF /* Assets.xcassets in Resources */,
				DEE796B01BB701C5005128DF /* HistoryCell.xib in Resources */,
				DE3F816A1BEF3D3E009EEFE7 /* IntroductionTextCell.xib in Resources */,
				DE3F818E1BEF417B009EEFE7 /* EventAndStudyCell.xib in Resources */,
				DE3F817A1BEF3FD3009EEFE7 /* FacebookCell.xib in Resources */,
				DEE796B81BB7024B005128DF /* NowOpenCell.xib in Resources */,
				DE1181AA1BC0FA0D002794AE /* coedo.jpg in Resources */,
				DEE796061BB4232F005128DF /* Main.storyboard in Resources */,
			);
			runOnlyForDeploymentPostprocessing = 0;
		};
		DEE7960F1BB4232F005128DF /* Resources */ = {
			isa = PBXResourcesBuildPhase;
			buildActionMask = 2147483647;
			files = (
			);
			runOnlyForDeploymentPostprocessing = 0;
		};
		DEE7961A1BB4232F005128DF /* Resources */ = {
			isa = PBXResourcesBuildPhase;
			buildActionMask = 2147483647;
			files = (
			);
			runOnlyForDeploymentPostprocessing = 0;
		};
		DEE796661BB6CEFA005128DF /* Resources */ = {
			isa = PBXResourcesBuildPhase;
			buildActionMask = 2147483647;
			files = (
				DEE7966E1BB6CEFA005128DF /* Assets.xcassets in Resources */,
				DEE7966C1BB6CEFA005128DF /* Interface.storyboard in Resources */,
			);
			runOnlyForDeploymentPostprocessing = 0;
		};
		DEE796721BB6CEFA005128DF /* Resources */ = {
			isa = PBXResourcesBuildPhase;
			buildActionMask = 2147483647;
			files = (
				DEE796841BB6CEFA005128DF /* Assets.xcassets in Resources */,
			);
			runOnlyForDeploymentPostprocessing = 0;
		};
/* End PBXResourcesBuildPhase section */

/* Begin PBXSourcesBuildPhase section */
		DEE795F91BB4232F005128DF /* Sources */ = {
			isa = PBXSourcesBuildPhase;
			buildActionMask = 2147483647;
			files = (
				DE779AFA1C08D56B00E4978B /* MapPopupUnitController.swift in Sources */,
				DE488BA91C001FE1007F96B2 /* IntroductionDetailCell.swift in Sources */,
				DE3F81561BEF0E3F009EEFE7 /* MessageText.swift in Sources */,
				DE1181AB1BC1133C002794AE /* NowHereCell.swift in Sources */,
				DEF170241BF72C2800F6E2EB /* BlankCell.swift in Sources */,
				DEFD84631BE91EF600DB169A /* HelpController.swift in Sources */,
				DE1181A71BC0F8EE002794AE /* VisitHistoryController.swift in Sources */,
				DEE796301BB45404005128DF /* ListStatus.swift in Sources */,
				DE6C79361BBC536C00F1A6E9 /* TitleText.swift in Sources */,
				DE083B601BCAA413000A35A7 /* CameraController.swift in Sources */,
				DEE796031BB4232F005128DF /* ViewController.swift in Sources */,
				DEE796371BB4578D005128DF /* ColorDefinition.swift in Sources */,
				DEE7969E1BB6FDC6005128DF /* ProfileEditController.swift in Sources */,
				DE488BA41C0004EF007F96B2 /* DetailRelateTableDefinition.swift in Sources */,
				DEE796AB1BB70198005128DF /* ProfileTapCell.swift in Sources */,
				DE3F81651BEF3CC2009EEFE7 /* IntroductionImageCell.swift in Sources */,
				DEE796AF1BB701C5005128DF /* HistoryCell.swift in Sources */,
				DE3F818D1BEF417B009EEFE7 /* EventAndStudyCell.swift in Sources */,
				DEE796011BB4232F005128DF /* AppDelegate.swift in Sources */,
				DEE796351BB4575A005128DF /* DeviceSize.swift in Sources */,
				DEE796B31BB70228005128DF /* HistoryTappedCell.swift in Sources */,
				DE3F81501BEF0891009EEFE7 /* DetailTableDefinition.swift in Sources */,
				DEE7969B1BB6FCDA005128DF /* BannerController.swift in Sources */,
				DE1181A51BC0F806002794AE /* NowHereController.swift in Sources */,
				DE3F81541BEF0CE6009EEFE7 /* Profile.swift in Sources */,
				DE6C79321BBC211100F1A6E9 /* Validation.swift in Sources */,
				DEE796331BB456D9005128DF /* AnotherWindow.swift in Sources */,
				DEE796391BB45F77005128DF /* ListController.swift in Sources */,
				DEE796921BB6EFAD005128DF /* ProfileController.swift in Sources */,
				DE083B051BC70FB8000A35A7 /* History.swift in Sources */,
				DEE796941BB6F943005128DF /* NowOpenController.swift in Sources */,
				DEE796A01BB6FE1F005128DF /* NowOpenDetailController.swift in Sources */,
				DE3F81711BEF3EE9009EEFE7 /* DetailButtonCell.swift in Sources */,
				DE6C79341BBC519400F1A6E9 /* ColorStatus.swift in Sources */,
				DE3F81791BEF3FD3009EEFE7 /* FacebookCell.swift in Sources */,
				DE779B011C08D89300E4978B /* PhotoPopupUnitController.swift in Sources */,
				DEBA35F61C0A4088002D3C62 /* NowDetailTableCellDefintion.swift in Sources */,
				DE3F81691BEF3D3E009EEFE7 /* IntroductionTextCell.swift in Sources */,
				DEE796A71BB70176005128DF /* ProfileNotTapCell.swift in Sources */,
				DEE796B71BB7024B005128DF /* NowOpenCell.swift in Sources */,
				DE3F81621BEF3AED009EEFE7 /* UserThumbController.swift in Sources */,
			);
			runOnlyForDeploymentPostprocessing = 0;
		};
		DEE7960D1BB4232F005128DF /* Sources */ = {
			isa = PBXSourcesBuildPhase;
			buildActionMask = 2147483647;
			files = (
				DEE796161BB4232F005128DF /* goCoworkingSpaceReportTests.swift in Sources */,
			);
			runOnlyForDeploymentPostprocessing = 0;
		};
		DEE796181BB4232F005128DF /* Sources */ = {
			isa = PBXSourcesBuildPhase;
			buildActionMask = 2147483647;
			files = (
				DEE796211BB4232F005128DF /* goCoworkingSpaceReportUITests.swift in Sources */,
			);
			runOnlyForDeploymentPostprocessing = 0;
		};
		DEE796701BB6CEFA005128DF /* Sources */ = {
			isa = PBXSourcesBuildPhase;
			buildActionMask = 2147483647;
			files = (
				DEE7967E1BB6CEFA005128DF /* ExtensionDelegate.swift in Sources */,
				DEE7967C1BB6CEFA005128DF /* InterfaceController.swift in Sources */,
				DE1181AD1BC11CC6002794AE /* DetailController.swift in Sources */,
				DE1181AF1BC11CE4002794AE /* PersonController.swift in Sources */,
				DEE796821BB6CEFA005128DF /* GlanceController.swift in Sources */,
			);
			runOnlyForDeploymentPostprocessing = 0;
		};
/* End PBXSourcesBuildPhase section */

/* Begin PBXTargetDependency section */
		DEE796131BB4232F005128DF /* PBXTargetDependency */ = {
			isa = PBXTargetDependency;
			target = DEE795FC1BB4232F005128DF /* goCoworkingSpaceReport */;
			targetProxy = DEE796121BB4232F005128DF /* PBXContainerItemProxy */;
		};
		DEE7961E1BB4232F005128DF /* PBXTargetDependency */ = {
			isa = PBXTargetDependency;
			target = DEE795FC1BB4232F005128DF /* goCoworkingSpaceReport */;
			targetProxy = DEE7961D1BB4232F005128DF /* PBXContainerItemProxy */;
		};
		DEE796771BB6CEFA005128DF /* PBXTargetDependency */ = {
			isa = PBXTargetDependency;
			target = DEE796731BB6CEFA005128DF /* goCoworkingSpaceReportWatch Extension */;
			targetProxy = DEE796761BB6CEFA005128DF /* PBXContainerItemProxy */;
		};
		DEE796871BB6CEFA005128DF /* PBXTargetDependency */ = {
			isa = PBXTargetDependency;
			target = DEE796671BB6CEFA005128DF /* goCoworkingSpaceReportWatch */;
			targetProxy = DEE796861BB6CEFA005128DF /* PBXContainerItemProxy */;
		};
/* End PBXTargetDependency section */

/* Begin PBXVariantGroup section */
		DEE796041BB4232F005128DF /* Main.storyboard */ = {
			isa = PBXVariantGroup;
			children = (
				DEE796051BB4232F005128DF /* Base */,
			);
			name = Main.storyboard;
			sourceTree = "<group>";
		};
		DEE796091BB4232F005128DF /* LaunchScreen.storyboard */ = {
			isa = PBXVariantGroup;
			children = (
				DEE7960A1BB4232F005128DF /* Base */,
			);
			name = LaunchScreen.storyboard;
			sourceTree = "<group>";
		};
		DEE7966A1BB6CEFA005128DF /* Interface.storyboard */ = {
			isa = PBXVariantGroup;
			children = (
				DEE7966B1BB6CEFA005128DF /* Base */,
			);
			name = Interface.storyboard;
			sourceTree = "<group>";
		};
/* End PBXVariantGroup section */

/* Begin XCBuildConfiguration section */
		DEE796231BB4232F005128DF /* Debug */ = {
			isa = XCBuildConfiguration;
			buildSettings = {
				ALWAYS_SEARCH_USER_PATHS = NO;
				CLANG_CXX_LANGUAGE_STANDARD = "gnu++0x";
				CLANG_CXX_LIBRARY = "libc++";
				CLANG_ENABLE_MODULES = YES;
				CLANG_ENABLE_OBJC_ARC = YES;
				CLANG_WARN_BOOL_CONVERSION = YES;
				CLANG_WARN_CONSTANT_CONVERSION = YES;
				CLANG_WARN_DIRECT_OBJC_ISA_USAGE = YES_ERROR;
				CLANG_WARN_EMPTY_BODY = YES;
				CLANG_WARN_ENUM_CONVERSION = YES;
				CLANG_WARN_INT_CONVERSION = YES;
				CLANG_WARN_OBJC_ROOT_CLASS = YES_ERROR;
				CLANG_WARN_UNREACHABLE_CODE = YES;
				CLANG_WARN__DUPLICATE_METHOD_MATCH = YES;
				"CODE_SIGN_IDENTITY[sdk=iphoneos*]" = "iPhone Developer";
				COPY_PHASE_STRIP = NO;
				DEBUG_INFORMATION_FORMAT = dwarf;
				ENABLE_STRICT_OBJC_MSGSEND = YES;
				ENABLE_TESTABILITY = YES;
				GCC_C_LANGUAGE_STANDARD = gnu99;
				GCC_DYNAMIC_NO_PIC = NO;
				GCC_NO_COMMON_BLOCKS = YES;
				GCC_OPTIMIZATION_LEVEL = 0;
				GCC_PREPROCESSOR_DEFINITIONS = (
					"DEBUG=1",
					"$(inherited)",
				);
				GCC_WARN_64_TO_32_BIT_CONVERSION = YES;
				GCC_WARN_ABOUT_RETURN_TYPE = YES_ERROR;
				GCC_WARN_UNDECLARED_SELECTOR = YES;
				GCC_WARN_UNINITIALIZED_AUTOS = YES_AGGRESSIVE;
				GCC_WARN_UNUSED_FUNCTION = YES;
				GCC_WARN_UNUSED_VARIABLE = YES;
				IPHONEOS_DEPLOYMENT_TARGET = 9.0;
				MTL_ENABLE_DEBUG_INFO = YES;
				ONLY_ACTIVE_ARCH = YES;
				SDKROOT = iphoneos;
				SWIFT_OPTIMIZATION_LEVEL = "-Onone";
			};
			name = Debug;
		};
		DEE796241BB4232F005128DF /* Release */ = {
			isa = XCBuildConfiguration;
			buildSettings = {
				ALWAYS_SEARCH_USER_PATHS = NO;
				CLANG_CXX_LANGUAGE_STANDARD = "gnu++0x";
				CLANG_CXX_LIBRARY = "libc++";
				CLANG_ENABLE_MODULES = YES;
				CLANG_ENABLE_OBJC_ARC = YES;
				CLANG_WARN_BOOL_CONVERSION = YES;
				CLANG_WARN_CONSTANT_CONVERSION = YES;
				CLANG_WARN_DIRECT_OBJC_ISA_USAGE = YES_ERROR;
				CLANG_WARN_EMPTY_BODY = YES;
				CLANG_WARN_ENUM_CONVERSION = YES;
				CLANG_WARN_INT_CONVERSION = YES;
				CLANG_WARN_OBJC_ROOT_CLASS = YES_ERROR;
				CLANG_WARN_UNREACHABLE_CODE = YES;
				CLANG_WARN__DUPLICATE_METHOD_MATCH = YES;
				"CODE_SIGN_IDENTITY[sdk=iphoneos*]" = "iPhone Developer";
				COPY_PHASE_STRIP = NO;
				DEBUG_INFORMATION_FORMAT = "dwarf-with-dsym";
				ENABLE_NS_ASSERTIONS = NO;
				ENABLE_STRICT_OBJC_MSGSEND = YES;
				GCC_C_LANGUAGE_STANDARD = gnu99;
				GCC_NO_COMMON_BLOCKS = YES;
				GCC_WARN_64_TO_32_BIT_CONVERSION = YES;
				GCC_WARN_ABOUT_RETURN_TYPE = YES_ERROR;
				GCC_WARN_UNDECLARED_SELECTOR = YES;
				GCC_WARN_UNINITIALIZED_AUTOS = YES_AGGRESSIVE;
				GCC_WARN_UNUSED_FUNCTION = YES;
				GCC_WARN_UNUSED_VARIABLE = YES;
				IPHONEOS_DEPLOYMENT_TARGET = 9.0;
				MTL_ENABLE_DEBUG_INFO = NO;
				SDKROOT = iphoneos;
				VALIDATE_PRODUCT = YES;
			};
			name = Release;
		};
		DEE796261BB4232F005128DF /* Debug */ = {
			isa = XCBuildConfiguration;
			buildSettings = {
				ASSETCATALOG_COMPILER_APPICON_NAME = AppIcon;
				FRAMEWORK_SEARCH_PATHS = (
					"$(inherited)",
					"$(PROJECT_DIR)/goCoworkingSpaceReport",
				);
				INFOPLIST_FILE = goCoworkingSpaceReport/Info.plist;
				IPHONEOS_DEPLOYMENT_TARGET = 9.0;
				LD_RUNPATH_SEARCH_PATHS = "$(inherited) @executable_path/Frameworks";
				PRODUCT_BUNDLE_IDENTIFIER = net.just1factory.goCoworkingSpaceReport;
				PRODUCT_NAME = "$(TARGET_NAME)";
			};
			name = Debug;
		};
		DEE796271BB4232F005128DF /* Release */ = {
			isa = XCBuildConfiguration;
			buildSettings = {
				ASSETCATALOG_COMPILER_APPICON_NAME = AppIcon;
				FRAMEWORK_SEARCH_PATHS = (
					"$(inherited)",
					"$(PROJECT_DIR)/goCoworkingSpaceReport",
				);
				INFOPLIST_FILE = goCoworkingSpaceReport/Info.plist;
				IPHONEOS_DEPLOYMENT_TARGET = 9.0;
				LD_RUNPATH_SEARCH_PATHS = "$(inherited) @executable_path/Frameworks";
				PRODUCT_BUNDLE_IDENTIFIER = net.just1factory.goCoworkingSpaceReport;
				PRODUCT_NAME = "$(TARGET_NAME)";
			};
			name = Release;
		};
		DEE796291BB4232F005128DF /* Debug */ = {
			isa = XCBuildConfiguration;
			buildSettings = {
				BUNDLE_LOADER = "$(TEST_HOST)";
				INFOPLIST_FILE = goCoworkingSpaceReportTests/Info.plist;
				LD_RUNPATH_SEARCH_PATHS = "$(inherited) @executable_path/Frameworks @loader_path/Frameworks";
				PRODUCT_BUNDLE_IDENTIFIER = net.just1factory.goCoworkingSpaceReportTests;
				PRODUCT_NAME = "$(TARGET_NAME)";
				TEST_HOST = "$(BUILT_PRODUCTS_DIR)/goCoworkingSpaceReport.app/goCoworkingSpaceReport";
			};
			name = Debug;
		};
		DEE7962A1BB4232F005128DF /* Release */ = {
			isa = XCBuildConfiguration;
			buildSettings = {
				BUNDLE_LOADER = "$(TEST_HOST)";
				INFOPLIST_FILE = goCoworkingSpaceReportTests/Info.plist;
				LD_RUNPATH_SEARCH_PATHS = "$(inherited) @executable_path/Frameworks @loader_path/Frameworks";
				PRODUCT_BUNDLE_IDENTIFIER = net.just1factory.goCoworkingSpaceReportTests;
				PRODUCT_NAME = "$(TARGET_NAME)";
				TEST_HOST = "$(BUILT_PRODUCTS_DIR)/goCoworkingSpaceReport.app/goCoworkingSpaceReport";
			};
			name = Release;
		};
		DEE7962C1BB4232F005128DF /* Debug */ = {
			isa = XCBuildConfiguration;
			buildSettings = {
				INFOPLIST_FILE = goCoworkingSpaceReportUITests/Info.plist;
				LD_RUNPATH_SEARCH_PATHS = "$(inherited) @executable_path/Frameworks @loader_path/Frameworks";
				PRODUCT_BUNDLE_IDENTIFIER = net.just1factory.goCoworkingSpaceReportUITests;
				PRODUCT_NAME = "$(TARGET_NAME)";
				TEST_TARGET_NAME = goCoworkingSpaceReport;
				USES_XCTRUNNER = YES;
			};
			name = Debug;
		};
		DEE7962D1BB4232F005128DF /* Release */ = {
			isa = XCBuildConfiguration;
			buildSettings = {
				INFOPLIST_FILE = goCoworkingSpaceReportUITests/Info.plist;
				LD_RUNPATH_SEARCH_PATHS = "$(inherited) @executable_path/Frameworks @loader_path/Frameworks";
				PRODUCT_BUNDLE_IDENTIFIER = net.just1factory.goCoworkingSpaceReportUITests;
				PRODUCT_NAME = "$(TARGET_NAME)";
				TEST_TARGET_NAME = goCoworkingSpaceReport;
				USES_XCTRUNNER = YES;
			};
			name = Release;
		};
		DEE7968A1BB6CEFA005128DF /* Debug */ = {
			isa = XCBuildConfiguration;
			buildSettings = {
				INFOPLIST_FILE = "goCoworkingSpaceReportWatch Extension/Info.plist";
				LD_RUNPATH_SEARCH_PATHS = "$(inherited) @executable_path/Frameworks @executable_path/../../Frameworks";
				PRODUCT_BUNDLE_IDENTIFIER = net.just1factory.goCoworkingSpaceReport.watchkitapp.watchkitextension;
				PRODUCT_NAME = "${TARGET_NAME}";
				SDKROOT = watchos;
				SKIP_INSTALL = YES;
				TARGETED_DEVICE_FAMILY = 4;
				WATCHOS_DEPLOYMENT_TARGET = 2.0;
			};
			name = Debug;
		};
		DEE7968B1BB6CEFA005128DF /* Release */ = {
			isa = XCBuildConfiguration;
			buildSettings = {
				INFOPLIST_FILE = "goCoworkingSpaceReportWatch Extension/Info.plist";
				LD_RUNPATH_SEARCH_PATHS = "$(inherited) @executable_path/Frameworks @executable_path/../../Frameworks";
				PRODUCT_BUNDLE_IDENTIFIER = net.just1factory.goCoworkingSpaceReport.watchkitapp.watchkitextension;
				PRODUCT_NAME = "${TARGET_NAME}";
				SDKROOT = watchos;
				SKIP_INSTALL = YES;
				TARGETED_DEVICE_FAMILY = 4;
				WATCHOS_DEPLOYMENT_TARGET = 2.0;
			};
			name = Release;
		};
		DEE7968E1BB6CEFA005128DF /* Debug */ = {
			isa = XCBuildConfiguration;
			buildSettings = {
				ASSETCATALOG_COMPILER_APPICON_NAME = AppIcon;
				EMBEDDED_CONTENT_CONTAINS_SWIFT = YES;
				IBSC_MODULE = goCoworkingSpaceReportWatch_Extension;
				INFOPLIST_FILE = goCoworkingSpaceReportWatch/Info.plist;
				PRODUCT_BUNDLE_IDENTIFIER = net.just1factory.goCoworkingSpaceReport.watchkitapp;
				PRODUCT_NAME = "$(TARGET_NAME)";
				SDKROOT = watchos;
				SKIP_INSTALL = YES;
				TARGETED_DEVICE_FAMILY = 4;
				WATCHOS_DEPLOYMENT_TARGET = 2.0;
			};
			name = Debug;
		};
		DEE7968F1BB6CEFA005128DF /* Release */ = {
			isa = XCBuildConfiguration;
			buildSettings = {
				ASSETCATALOG_COMPILER_APPICON_NAME = AppIcon;
				EMBEDDED_CONTENT_CONTAINS_SWIFT = YES;
				IBSC_MODULE = goCoworkingSpaceReportWatch_Extension;
				INFOPLIST_FILE = goCoworkingSpaceReportWatch/Info.plist;
				PRODUCT_BUNDLE_IDENTIFIER = net.just1factory.goCoworkingSpaceReport.watchkitapp;
				PRODUCT_NAME = "$(TARGET_NAME)";
				SDKROOT = watchos;
				SKIP_INSTALL = YES;
				TARGETED_DEVICE_FAMILY = 4;
				WATCHOS_DEPLOYMENT_TARGET = 2.0;
			};
			name = Release;
		};
/* End XCBuildConfiguration section */

/* Begin XCConfigurationList section */
		DEE795F81BB4232F005128DF /* Build configuration list for PBXProject "goCoworkingSpaceReport" */ = {
			isa = XCConfigurationList;
			buildConfigurations = (
				DEE796231BB4232F005128DF /* Debug */,
				DEE796241BB4232F005128DF /* Release */,
			);
			defaultConfigurationIsVisible = 0;
			defaultConfigurationName = Release;
		};
		DEE796251BB4232F005128DF /* Build configuration list for PBXNativeTarget "goCoworkingSpaceReport" */ = {
			isa = XCConfigurationList;
			buildConfigurations = (
				DEE796261BB4232F005128DF /* Debug */,
				DEE796271BB4232F005128DF /* Release */,
			);
			defaultConfigurationIsVisible = 0;
			defaultConfigurationName = Release;
		};
		DEE796281BB4232F005128DF /* Build configuration list for PBXNativeTarget "goCoworkingSpaceReportTests" */ = {
			isa = XCConfigurationList;
			buildConfigurations = (
				DEE796291BB4232F005128DF /* Debug */,
				DEE7962A1BB4232F005128DF /* Release */,
			);
			defaultConfigurationIsVisible = 0;
			defaultConfigurationName = Release;
		};
		DEE7962B1BB4232F005128DF /* Build configuration list for PBXNativeTarget "goCoworkingSpaceReportUITests" */ = {
			isa = XCConfigurationList;
			buildConfigurations = (
				DEE7962C1BB4232F005128DF /* Debug */,
				DEE7962D1BB4232F005128DF /* Release */,
			);
			defaultConfigurationIsVisible = 0;
			defaultConfigurationName = Release;
		};
		DEE796891BB6CEFA005128DF /* Build configuration list for PBXNativeTarget "goCoworkingSpaceReportWatch Extension" */ = {
			isa = XCConfigurationList;
			buildConfigurations = (
				DEE7968A1BB6CEFA005128DF /* Debug */,
				DEE7968B1BB6CEFA005128DF /* Release */,
			);
			defaultConfigurationIsVisible = 0;
			defaultConfigurationName = Release;
		};
		DEE7968D1BB6CEFA005128DF /* Build configuration list for PBXNativeTarget "goCoworkingSpaceReportWatch" */ = {
			isa = XCConfigurationList;
			buildConfigurations = (
				DEE7968E1BB6CEFA005128DF /* Debug */,
				DEE7968F1BB6CEFA005128DF /* Release */,
			);
			defaultConfigurationIsVisible = 0;
			defaultConfigurationName = Release;
		};
/* End XCConfigurationList section */
	};
	rootObject = DEE795F51BB4232F005128DF /* Project object */;
}
